
Microsoft Visual Studio Solution File, Format Version 12.00
# Visual Studio 15
VisualStudioVersion = 15.0.28307.852
MinimumVisualStudioVersion = 10.0.40219.1
Project("{FAE04EC0-301F-11D3-BF4B-00C04F79EFBC}") = "KöstebekOyunu", "KöstebekOyunu.csproj", "{F41E8994-4C20-4621-9D8C-0A036D7ED24E}"
EndProject
Global
	GlobalSection(SolutionConfigurationPlatforms) = preSolution
		Debug|Any CPU = Debug|Any CPU
		Release|Any CPU = Release|Any CPU
	EndGlobalSection
	GlobalSection(ProjectConfigurationPlatforms) = postSolution
		{F41E8994-4C20-4621-9D8C-0A036D7ED24E}.Debug|Any CPU.ActiveCfg = Debug|Any CPU
		{F41E8994-4C20-4621-9D8C-0A036D7ED24E}.Debug|Any CPU.Build.0 = Debug|Any CPU
		{F41E8994-4C20-4621-9D8C-0A036D7ED24E}.Release|Any CPU.ActiveCfg = Release|Any CPU
		{F41E8994-4C20-4621-9D8C-0A036D7ED24E}.Release|Any CPU.Build.0 = Release|Any CPU
	EndGlobalSection
	GlobalSection(SolutionProperties) = preSolution
		HideSolutionNode = FALSE
	EndGlobalSection
	GlobalSection(ExtensibilityGlobals) = postSolution
		SolutionGuid = {05EBF75E-AE2B-4A82-9E83-3E4834E4E403}
	EndGlobalSection
EndGlobal
